
Microsoft Visual Studio Solution File, Format Version 12.00
# Visual Studio Version 16
VisualStudioVersion = 16.0.31005.135
MinimumVisualStudioVersion = 10.0.40219.1
Project("{FAE04EC0-301F-11D3-BF4B-00C04F79EFBC}") = "CreamVideo", "CreamVideo\CreamVideo.csproj", "{EBEC9CBD-2105-4B1F-8C75-ADC2DA658DEE}"
EndProject
Global
	GlobalSection(SolutionConfigurationPlatforms) = preSolution
		Debug|Any CPU = Debug|Any CPU
		Release|Any CPU = Release|Any CPU
	EndGlobalSection
	GlobalSection(ProjectConfigurationPlatforms) = postSolution
		{EBEC9CBD-2105-4B1F-8C75-ADC2DA658DEE}.Debug|Any CPU.ActiveCfg = Debug|Any CPU
		{EBEC9CBD-2105-4B1F-8C75-ADC2DA658DEE}.Debug|Any CPU.Build.0 = Debug|Any CPU
		{EBEC9CBD-2105-4B1F-8C75-ADC2DA658DEE}.Release|Any CPU.ActiveCfg = Release|Any CPU
		{EBEC9CBD-2105-4B1F-8C75-ADC2DA658DEE}.Release|Any CPU.Build.0 = Release|Any CPU
	EndGlobalSection
	GlobalSection(SolutionProperties) = preSolution
		HideSolutionNode = FALSE
	EndGlobalSection
	GlobalSection(ExtensibilityGlobals) = postSolution
		SolutionGuid = {7DDF10F6-0867-4848-8B2D-B9F9E7110E84}
	EndGlobalSection
EndGlobal
